
Microsoft Visual Studio Solution File, Format Version 12.00
# Visual Studio Version 16
VisualStudioVersion = 16.0.31313.79
MinimumVisualStudioVersion = 10.0.40219.1
Project("{FAE04EC0-301F-11D3-BF4B-00C04F79EFBC}") = "UserMaintenance", "UserMaintenance\UserMaintenance.csproj", "{6027C6BE-B1C4-4703-9F34-2FDBAE2CF5E9}"
EndProject
Project("{FAE04EC0-301F-11D3-BF4B-00C04F79EFBC}") = "ExcelGen", "..\ExcelGen\ExcelGen.csproj", "{9FB0626C-78D0-4892-BDBD-76D49AB1FADC}"
EndProject
Global
	GlobalSection(SolutionConfigurationPlatforms) = preSolution
		Debug|Any CPU = Debug|Any CPU
		Release|Any CPU = Release|Any CPU
	EndGlobalSection
	GlobalSection(ProjectConfigurationPlatforms) = postSolution
		{6027C6BE-B1C4-4703-9F34-2FDBAE2CF5E9}.Debug|Any CPU.ActiveCfg = Debug|Any CPU
		{6027C6BE-B1C4-4703-9F34-2FDBAE2CF5E9}.Debug|Any CPU.Build.0 = Debug|Any CPU
		{6027C6BE-B1C4-4703-9F34-2FDBAE2CF5E9}.Release|Any CPU.ActiveCfg = Release|Any CPU
		{6027C6BE-B1C4-4703-9F34-2FDBAE2CF5E9}.Release|Any CPU.Build.0 = Release|Any CPU
		{9FB0626C-78D0-4892-BDBD-76D49AB1FADC}.Debug|Any CPU.ActiveCfg = Debug|Any CPU
		{9FB0626C-78D0-4892-BDBD-76D49AB1FADC}.Debug|Any CPU.Build.0 = Debug|Any CPU
		{9FB0626C-78D0-4892-BDBD-76D49AB1FADC}.Release|Any CPU.ActiveCfg = Release|Any CPU
		{9FB0626C-78D0-4892-BDBD-76D49AB1FADC}.Release|Any CPU.Build.0 = Release|Any CPU
	EndGlobalSection
	GlobalSection(SolutionProperties) = preSolution
		HideSolutionNode = FALSE
	EndGlobalSection
	GlobalSection(ExtensibilityGlobals) = postSolution
		SolutionGuid = {6A37C511-6FDD-43E0-8C99-837D1A1F80F3}
	EndGlobalSection
EndGlobal
